{
  "nodes": {
    "nixpkgs": {
      "locked": {
        "lastModified": 1778003029,
        "narHash": "sha256-q/nkKLDtHIyLjZpKhWk3cSK5IYsFqtMd6UtXF3ddjgA=",
        "owner": "NixOS",
        "repo": "nixpkgs",
        "rev": "0c88e1f2bdb93d5999019e99cb0e61e1fe2af4c5",
        "type": "github"
      },
      "original": {
        "owner": "NixOS",
        "ref": "nixos-25.11",
        "repo": "nixpkgs",
        "type": "github"
      }
    },
    "root": {
      "inputs": {
        "nixpkgs": "nixpkgs",
        "zig-flake": "zig-flake"
      }
    },
    "zig-flake": {
      "inputs": {
        "nixpkgs": [
          "nixpkgs"
        ]
      },
      "locked": {
        "lastModified": 1778043693,
        "narHash": "sha256-bXki1eB4/4tDKzkASk036jGRLE1RyQkxKWcT4mPoCO4=",
        "owner": "silversquirl",
        "repo": "zig-flake",
        "rev": "571f9f364b2b5555ba8c155806f39545bca71997",
        "type": "github"
      },
      "original": {
        "owner": "silversquirl",
        "repo": "zig-flake",
        "type": "github"
      }
    }
  },
  "root": "root",
  "version": 7
}
